{
  "version": 4,
  "terraform_version": "1.3.2",
  "serial": 121,
  "lineage": "34106d61-adc1-58eb-ae83-70d3eacaf443",
  "outputs": {},
  "resources": [
    {
      "mode": "data",
      "type": "azurerm_client_config",
      "name": "current",
      "provider": "provider[\"registry.terraform.io/hashicorp/azurerm\"]",
      "instances": [
        {
          "schema_version": 0,
          "attributes": {
            "client_id": "04b07795-8ddb-461a-bbee-02f9e1bf7b46",
            "id": "Y2xpZW50Q29uZmlncy9jbGllbnRJZD0wNGIwNzc5NS04ZGRiLTQ2MWEtYmJlZS0wMmY5ZTFiZjdiNDY7b2JqZWN0SWQ9YzdmYzU4MGMtNTY2YS00NGI4LWFhY2UtNDJmOTY0Njc2MDhmO3N1YnNjcmlwdGlvbklkPTViYzk1MzVjLWY2NzMtNDY5Ni1iYTg1LTFjMjQ4NjBlNDM4Mjt0ZW5hbnRJZD1lYjcwYjc2My1iNmQ3LTQ0ODYtODU1NS04ODMxNzA5YTc4NGU=",
            "object_id": "c7fc580c-566a-44b8-aace-42f96467608f",
            "subscription_id": "5bc9535c-f673-4696-ba85-1c24860e4382",
            "tenant_id": "eb70b763-b6d7-4486-8555-8831709a784e",
            "timeouts": null
          },
          "sensitive_attributes": []
        }
      ]
    },
    {
      "mode": "data",
      "type": "databricks_node_type",
      "name": "smallest",
      "provider": "provider[\"registry.terraform.io/databricks/databricks\"]",
      "instances": [
        {
          "schema_version": 0,
          "attributes": {
            "category": null,
            "gb_per_core": null,
            "graviton": null,
            "id": "Standard_L8as_v3",
            "is_io_cache_enabled": null,
            "local_disk": true,
            "min_cores": null,
            "min_gpus": null,
            "min_memory_gb": null,
            "photon_driver_capable": null,
            "photon_worker_capable": null,
            "support_port_forwarding": null,
            "vcpu": null
          },
          "sensitive_attributes": []
        }
      ]
    },
    {
      "mode": "data",
      "type": "databricks_spark_version",
      "name": "latest_lts",
      "provider": "provider[\"registry.terraform.io/databricks/databricks\"]",
      "instances": [
        {
          "schema_version": 0,
          "attributes": {
            "beta": null,
            "genomics": null,
            "gpu": null,
            "graviton": null,
            "id": "11.3.x-scala2.12",
            "latest": true,
            "long_term_support": true,
            "ml": null,
            "photon": null,
            "scala": "2.12",
            "spark_version": null
          },
          "sensitive_attributes": []
        }
      ]
    },
    {
      "mode": "managed",
      "type": "azurerm_databricks_workspace",
      "name": "this",
      "provider": "provider[\"registry.terraform.io/hashicorp/azurerm\"]",
      "instances": [
        {
          "schema_version": 0,
          "attributes": {
            "custom_parameters": [
              {
                "machine_learning_workspace_id": "",
                "nat_gateway_name": "nat-gateway",
                "no_public_ip": false,
                "private_subnet_name": "",
                "private_subnet_network_security_group_association_id": "",
                "public_ip_name": "nat-gw-public-ip",
                "public_subnet_name": "",
                "public_subnet_network_security_group_association_id": "",
                "storage_account_name": "dbstoragesm5g3g6nycmpo",
                "storage_account_sku_name": "Standard_GRS",
                "virtual_network_id": "",
                "vnet_address_prefix": "10.139"
              }
            ],
            "customer_managed_key_enabled": false,
            "id": "/subscriptions/5bc9535c-f673-4696-ba85-1c24860e4382/resourceGroups/rg-eastus-dev-dev/providers/Microsoft.Databricks/workspaces/dbs-eastus-dev-dev",
            "infrastructure_encryption_enabled": false,
            "load_balancer_backend_address_pool_id": "",
            "location": "eastus",
            "managed_resource_group_id": "/subscriptions/5bc9535c-f673-4696-ba85-1c24860e4382/resourceGroups/databricks-rg-rg-eastus-dev-dev",
            "managed_resource_group_name": "databricks-rg-rg-eastus-dev-dev",
            "managed_services_cmk_key_vault_key_id": null,
            "name": "dbs-eastus-dev-dev",
            "network_security_group_rules_required": null,
            "public_network_access_enabled": true,
            "resource_group_name": "rg-eastus-dev-dev",
            "sku": "standard",
            "storage_account_identity": [],
            "tags": {
              "managed_by": "Provider-Cloud-Service",
              "owned_by": "achim.haug@zf.com",
              "supported_by": "Provider-Cloud-Service",
              "zf-billing-contact-mail": "JanMartin.Vogt@zf.com",
              "zf-business-service": "BS-WPP-042",
              "zf-cost-center": "Z1251",
              "zf-cost-center-mapping": "100001_Z1251",
              "zf-cost-reporting-unit": "100001",
              "zf-department-name": "FIED",
              "zf-division": "Domains \u0026 Service Center",
              "zf-project-name": "None"
            },
            "timeouts": null,
            "workspace_id": "1565132980586169",
            "workspace_url": "adb-1565132980586169.9.azuredatabricks.net"
          },
          "sensitive_attributes": [],
          "private": "eyJlMmJmYjczMC1lY2FhLTExZTYtOGY4OC0zNDM2M2JjN2M0YzAiOnsiY3JlYXRlIjoxODAwMDAwMDAwMDAwLCJkZWxldGUiOjE4MDAwMDAwMDAwMDAsInJlYWQiOjMwMDAwMDAwMDAwMCwidXBkYXRlIjoxODAwMDAwMDAwMDAwfX0=",
          "dependencies": [
            "azurerm_resource_group.this"
          ]
        }
      ]
    },
    {
      "mode": "managed",
      "type": "azurerm_key_vault",
      "name": "this",
      "provider": "provider[\"registry.terraform.io/hashicorp/azurerm\"]",
      "instances": [
        {
          "schema_version": 2,
          "attributes": {
            "access_policy": [
              {
                "application_id": "",
                "certificate_permissions": null,
                "key_permissions": null,
                "object_id": "c7fc580c-566a-44b8-aace-42f96467608f",
                "secret_permissions": [
                  "Get",
                  "Set",
                  "Delete",
                  "Recover",
                  "Purge"
                ],
                "storage_permissions": null,
                "tenant_id": "eb70b763-b6d7-4486-8555-8831709a784e"
              }
            ],
            "contact": [],
            "enable_rbac_authorization": false,
            "enabled_for_deployment": false,
            "enabled_for_disk_encryption": false,
            "enabled_for_template_deployment": false,
            "id": "/subscriptions/5bc9535c-f673-4696-ba85-1c24860e4382/resourceGroups/rg-eastus-dev-dev/providers/Microsoft.KeyVault/vaults/kv-eastus-dev-dev",
            "location": "eastus",
            "name": "kv-eastus-dev-dev",
            "network_acls": [
              {
                "bypass": "AzureServices",
                "default_action": "Allow",
                "ip_rules": [],
                "virtual_network_subnet_ids": []
              }
            ],
            "public_network_access_enabled": true,
            "purge_protection_enabled": false,
            "resource_group_name": "rg-eastus-dev-dev",
            "sku_name": "standard",
            "soft_delete_retention_days": 90,
            "tags": {
              "managed_by": "Provider-Cloud-Service",
              "owned_by": "achim.haug@zf.com",
              "supported_by": "Provider-Cloud-Service",
              "zf-billing-contact-mail": "JanMartin.Vogt@zf.com",
              "zf-business-service": "BS-WPP-042",
              "zf-cost-center": "Z1251",
              "zf-cost-center-mapping": "100001_Z1251",
              "zf-cost-reporting-unit": "100001",
              "zf-department-name": "FIED",
              "zf-division": "Domains \u0026 Service Center",
              "zf-project-name": "None"
            },
            "tenant_id": "eb70b763-b6d7-4486-8555-8831709a784e",
            "timeouts": null,
            "vault_uri": "https://kv-eastus-dev-dev.vault.azure.net/"
          },
          "sensitive_attributes": [],
          "private": "eyJlMmJmYjczMC1lY2FhLTExZTYtOGY4OC0zNDM2M2JjN2M0YzAiOnsiY3JlYXRlIjoxODAwMDAwMDAwMDAwLCJkZWxldGUiOjE4MDAwMDAwMDAwMDAsInJlYWQiOjMwMDAwMDAwMDAwMCwidXBkYXRlIjoxODAwMDAwMDAwMDAwfSwic2NoZW1hX3ZlcnNpb24iOiIyIn0=",
          "dependencies": [
            "azurerm_resource_group.this",
            "data.azurerm_client_config.current"
          ]
        }
      ]
    },
    {
      "mode": "managed",
      "type": "azurerm_resource_group",
      "name": "this",
      "provider": "provider[\"registry.terraform.io/hashicorp/azurerm\"]",
      "instances": [
        {
          "schema_version": 0,
          "attributes": {
            "id": "/subscriptions/5bc9535c-f673-4696-ba85-1c24860e4382/resourceGroups/rg-eastus-dev-dev",
            "location": "eastus",
            "name": "rg-eastus-dev-dev",
            "tags": {
              "zf-billing-contact-mail": "JanMartin.Vogt@zf.com",
              "zf-business-service": "BS-WPP-042",
              "zf-cost-center": "Z1251",
              "zf-cost-center-mapping": "100001_Z1251",
              "zf-cost-reporting-unit": "100001",
              "zf-department-name": "FIED",
              "zf-division": "Domains \u0026 Service Center",
              "zf-project-name": "None"
            },
            "timeouts": null
          },
          "sensitive_attributes": [],
          "private": "eyJlMmJmYjczMC1lY2FhLTExZTYtOGY4OC0zNDM2M2JjN2M0YzAiOnsiY3JlYXRlIjo1NDAwMDAwMDAwMDAwLCJkZWxldGUiOjU0MDAwMDAwMDAwMDAsInJlYWQiOjMwMDAwMDAwMDAwMCwidXBkYXRlIjo1NDAwMDAwMDAwMDAwfX0="
        }
      ]
    },
    {
      "mode": "managed",
      "type": "databricks_cluster",
      "name": "this",
      "provider": "provider[\"registry.terraform.io/databricks/databricks\"]",
      "instances": [
        {
          "schema_version": 2,
          "attributes": {
            "apply_policy_default_values": null,
            "autoscale": [],
            "autotermination_minutes": 20,
            "aws_attributes": [],
            "azure_attributes": [
              {
                "availability": "ON_DEMAND_AZURE",
                "first_on_demand": 1,
                "spot_bid_max_price": -1
              }
            ],
            "cluster_id": "1116-121046-tect36bk",
            "cluster_log_conf": [],
            "cluster_name": "dbsc-eastus-dev-dev",
            "custom_tags": {
              "ResourceClass": "SingleNode"
            },
            "data_security_mode": null,
            "default_tags": {
              "ClusterId": "1116-121046-tect36bk",
              "ClusterName": "dbsc-eastus-dev-dev",
              "Creator": "mamadou.diagne.external@zf.com",
              "Vendor": "Databricks",
              "managed_by": "Provider-Cloud-Service",
              "owned_by": "achim.haug@zf.com",
              "supported_by": "Provider-Cloud-Service",
              "zf-billing-contact-mail": "JanMartin.Vogt@zf.com",
              "zf-business-service": "BS-WPP-042",
              "zf-cost-center": "Z1251",
              "zf-cost-center-mapping": "100001_Z1251",
              "zf-cost-reporting-unit": "100001",
              "zf-department-name": "FIED",
              "zf-division": "Domains \u0026 Service Center",
              "zf-project-name": "None"
            },
            "docker_image": [],
            "driver_instance_pool_id": null,
            "driver_node_type_id": "Standard_L8as_v3",
            "enable_elastic_disk": true,
            "enable_local_disk_encryption": false,
            "gcp_attributes": [],
            "id": "1116-121046-tect36bk",
            "idempotency_token": null,
            "init_scripts": [],
            "instance_pool_id": null,
            "is_pinned": false,
            "library": [],
            "node_type_id": "Standard_L8as_v3",
            "num_workers": 0,
            "policy_id": null,
            "runtime_engine": null,
            "single_user_name": null,
            "spark_conf": {
              "spark.databricks.cluster.profile": "singleNode",
              "spark.master": "local[*]"
            },
            "spark_env_vars": null,
            "spark_version": "11.3.x-scala2.12",
            "ssh_public_keys": null,
            "state": "RUNNING",
            "timeouts": null,
            "url": "https://adb-1565132980586169.9.azuredatabricks.net/#setting/clusters/1116-121046-tect36bk/configuration",
            "workload_type": []
          },
          "sensitive_attributes": [],
          "private": "eyJlMmJmYjczMC1lY2FhLTExZTYtOGY4OC0zNDM2M2JjN2M0YzAiOnsiY3JlYXRlIjoxODAwMDAwMDAwMDAwLCJkZWxldGUiOjE4MDAwMDAwMDAwMDAsInVwZGF0ZSI6MTgwMDAwMDAwMDAwMH0sInNjaGVtYV92ZXJzaW9uIjoiMiJ9",
          "dependencies": [
            "azurerm_databricks_workspace.this",
            "azurerm_resource_group.this",
            "data.databricks_node_type.smallest",
            "data.databricks_spark_version.latest_lts"
          ]
        }
      ]
    }
  ],
  "check_results": []
}
